
Microsoft Visual Studio Solution File, Format Version 12.00
# Visual Studio 15
VisualStudioVersion = 15.0.28307.1267
MinimumVisualStudioVersion = 10.0.40219.1
Project("{FAE04EC0-301F-11D3-BF4B-00C04F79EFBC}") = "Zealous", "Zealous\Zealous.csproj", "{65AB0F2A-A0CB-4411-AB86-AED58BFE4C02}"
EndProject
Global
	GlobalSection(SolutionConfigurationPlatforms) = preSolution
		Debug|Any CPU = Debug|Any CPU
		Release|Any CPU = Release|Any CPU
	EndGlobalSection
	GlobalSection(ProjectConfigurationPlatforms) = postSolution
		{65AB0F2A-A0CB-4411-AB86-AED58BFE4C02}.Debug|Any CPU.ActiveCfg = Debug|Any CPU
		{65AB0F2A-A0CB-4411-AB86-AED58BFE4C02}.Debug|Any CPU.Build.0 = Debug|Any CPU
		{65AB0F2A-A0CB-4411-AB86-AED58BFE4C02}.Release|Any CPU.ActiveCfg = Release|Any CPU
		{65AB0F2A-A0CB-4411-AB86-AED58BFE4C02}.Release|Any CPU.Build.0 = Release|Any CPU
	EndGlobalSection
	GlobalSection(SolutionProperties) = preSolution
		HideSolutionNode = FALSE
	EndGlobalSection
	GlobalSection(ExtensibilityGlobals) = postSolution
		SolutionGuid = {EF51AF53-9D88-410E-AC26-26EF968119FE}
	EndGlobalSection
EndGlobal
